// !$*UTF8*$!
{
	archiveVersion = 1;
	classes = {
	};
	objectVersion = 50;
	objects = {

/* Begin PBXBuildFile section */
		16B9FBA32169FD3A00022291 /* AppDelegate.swift in Sources */ = {isa = PBXBuildFile; fileRef = 16B9FBA22169FD3A00022291 /* AppDelegate.swift */; };
		16B9FBA52169FD3A00022291 /* ViewController.swift in Sources */ = {isa = PBXBuildFile; fileRef = 16B9FBA42169FD3A00022291 /* ViewController.swift */; };
		16B9FBA82169FD3B00022291 /* Main.storyboard in Resources */ = {isa = PBXBuildFile; fileRef = 16B9FBA62169FD3B00022291 /* Main.storyboard */; };
		16B9FBAB2169FD3B00022291 /* Tut_CustomTableViewCell.xcdatamodeld in Sources */ = {isa = PBXBuildFile; fileRef = 16B9FBA92169FD3B00022291 /* Tut_CustomTableViewCell.xcdatamodeld */; };
		16B9FBAD2169FD3D00022291 /* Assets.xcassets in Resources */ = {isa = PBXBuildFile; fileRef = 16B9FBAC2169FD3D00022291 /* Assets.xcassets */; };
		16B9FBB02169FD3D00022291 /* LaunchScreen.storyboard in Resources */ = {isa = PBXBuildFile; fileRef = 16B9FBAE2169FD3D00022291 /* LaunchScreen.storyboard */; };
		16B9FBD6216A08C100022291 /* myCell.swift in Sources */ = {isa = PBXBuildFile; fileRef = 16B9FBD5216A08C100022291 /* myCell.swift */; };
/* End PBXBuildFile section */

/* Begin PBXFileReference section */
		16B9FB9F2169FD3A00022291 /* Tut_CustomTableViewCell.app */ = {isa = PBXFileReference; explicitFileType = wrapper.application; includeInIndex = 0; path = Tut_CustomTableViewCell.app; sourceTree = BUILT_PRODUCTS_DIR; };
		16B9FBA22169FD3A00022291 /* AppDelegate.swift */ = {isa = PBXFileReference; lastKnownFileType = sourcecode.swift; path = AppDelegate.swift; sourceTree = "<group>"; };
		16B9FBA42169FD3A00022291 /* ViewController.swift */ = {isa = PBXFileReference; lastKnownFileType = sourcecode.swift; path = ViewController.swift; sourceTree = "<group>"; };
		16B9FBA72169FD3B00022291 /* Base */ = {isa = PBXFileReference; lastKnownFileType = file.storyboard; name = Base; path = Base.lproj/Main.storyboard; sourceTree = "<group>"; };
		16B9FBAA2169FD3B00022291 /* Tut_CustomTableViewCell.xcdatamodel */ = {isa = PBXFileReference; lastKnownFileType = wrapper.xcdatamodel; path = Tut_CustomTableViewCell.xcdatamodel; sourceTree = "<group>"; };
		16B9FBAC2169FD3D00022291 /* Assets.xcassets */ = {isa = PBXFileReference; lastKnownFileType = folder.assetcatalog; path = Assets.xcassets; sourceTree = "<group>"; };
		16B9FBAF2169FD3D00022291 /* Base */ = {isa = PBXFileReference; lastKnownFileType = file.storyboard; name = Base; path = Base.lproj/LaunchScreen.storyboard; sourceTree = "<group>"; };
		16B9FBB12169FD3D00022291 /* Info.plist */ = {isa = PBXFileReference; lastKnownFileType = text.plist.xml; path = Info.plist; sourceTree = "<group>"; };
		16B9FBD5216A08C100022291 /* myCell.swift */ = {isa = PBXFileReference; lastKnownFileType = sourcecode.swift; path = myCell.swift; sourceTree = "<group>"; };
/* End PBXFileReference section */

/* Begin PBXFrameworksBuildPhase section */
		16B9FB9C2169FD3A00022291 /* Frameworks */ = {
			isa = PBXFrameworksBuildPhase;
			buildActionMask = 2147483647;
			files = (
			);
			runOnlyForDeploymentPostprocessing = 0;
		};
/* End PBXFrameworksBuildPhase section */

/* Begin PBXGroup section */
		16B9FB962169FD3A00022291 = {
			isa = PBXGroup;
			children = (
				16B9FBA12169FD3A00022291 /* Tut_CustomTableViewCell */,
				16B9FBA02169FD3A00022291 /* Products */,
			);
			sourceTree = "<group>";
		};
		16B9FBA02169FD3A00022291 /* Products */ = {
			isa = PBXGroup;
			children = (
				16B9FB9F2169FD3A00022291 /* Tut_CustomTableViewCell.app */,
			);
			name = Products;
			sourceTree = "<group>";
		};
		16B9FBA12169FD3A00022291 /* Tut_CustomTableViewCell */ = {
			isa = PBXGroup;
			children = (
				16B9FBA22169FD3A00022291 /* AppDelegate.swift */,
				16B9FBA42169FD3A00022291 /* ViewController.swift */,
				16B9FBA62169FD3B00022291 /* Main.storyboard */,
				16B9FBD5216A08C100022291 /* myCell.swift */,
				16B9FBAC2169FD3D00022291 /* Assets.xcassets */,
				16B9FBAE2169FD3D00022291 /* LaunchScreen.storyboard */,
				16B9FBB12169FD3D00022291 /* Info.plist */,
				16B9FBA92169FD3B00022291 /* Tut_CustomTableViewCell.xcdatamodeld */,
			);
			path = Tut_CustomTableViewCell;
			sourceTree = "<group>";
		};
/* End PBXGroup section */

/* Begin PBXNativeTarget section */
		16B9FB9E2169FD3A00022291 /* Tut_CustomTableViewCell */ = {
			isa = PBXNativeTarget;
			buildConfigurationList = 16B9FBB42169FD3D00022291 /* Build configuration list for PBXNativeTarget "Tut_CustomTableViewCell" */;
			buildPhases = (
				16B9FB9B2169FD3A00022291 /* Sources */,
				16B9FB9C2169FD3A00022291 /* Frameworks */,
				16B9FB9D2169FD3A00022291 /* Resources */,
			);
			buildRules = (
			);
			dependencies = (
			);
			name = Tut_CustomTableViewCell;
			productName = Tut_CustomTableViewCell;
			productReference = 16B9FB9F2169FD3A00022291 /* Tut_CustomTableViewCell.app */;
			productType = "com.apple.product-type.application";
		};
/* End PBXNativeTarget section */

/* Begin PBXProject section */
		16B9FB972169FD3A00022291 /* Project object */ = {
			isa = PBXProject;
			attributes = {
				LastSwiftUpdateCheck = 1000;
				LastUpgradeCheck = 1000;
				ORGANIZATIONNAME = "Eray Alparslan";
				TargetAttributes = {
					16B9FB9E2169FD3A00022291 = {
						CreatedOnToolsVersion = 10.0;
					};
				};
			};
			buildConfigurationList = 16B9FB9A2169FD3A00022291 /* Build configuration list for PBXProject "Tut_CustomTableViewCell" */;
			compatibilityVersion = "Xcode 9.3";
			developmentRegion = en;
			hasScannedForEncodings = 0;
			knownRegions = (
				en,
				Base,
			);
			mainGroup = 16B9FB962169FD3A00022291;
			productRefGroup = 16B9FBA02169FD3A00022291 /* Products */;
			projectDirPath = "";
			projectRoot = "";
			targets = (
				16B9FB9E2169FD3A00022291 /* Tut_CustomTableViewCell */,
			);
		};
/* End PBXProject section */

/* Begin PBXResourcesBuildPhase section */
		16B9FB9D2169FD3A00022291 /* Resources */ = {
			isa = PBXResourcesBuildPhase;
			buildActionMask = 2147483647;
			files = (
				16B9FBB02169FD3D00022291 /* LaunchScreen.storyboard in Resources */,
				16B9FBAD2169FD3D00022291 /* Assets.xcassets in Resources */,
				16B9FBA82169FD3B00022291 /* Main.storyboard in Resources */,
			);
			runOnlyForDeploymentPostprocessing = 0;
		};
/* End PBXResourcesBuildPhase section */

/* Begin PBXSourcesBuildPhase section */
		16B9FB9B2169FD3A00022291 /* Sources */ = {
			isa = PBXSourcesBuildPhase;
			buildActionMask = 2147483647;
			files = (
				16B9FBA52169FD3A00022291 /* ViewController.swift in Sources */,
				16B9FBD6216A08C100022291 /* myCell.swift in Sources */,
				16B9FBA32169FD3A00022291 /* AppDelegate.swift in Sources */,
				16B9FBAB2169FD3B00022291 /* Tut_CustomTableViewCell.xcdatamodeld in Sources */,
			);
			runOnlyForDeploymentPostprocessing = 0;
		};
/* End PBXSourcesBuildPhase section */

/* Begin PBXVariantGroup section */
		16B9FBA62169FD3B00022291 /* Main.storyboard */ = {
			isa = PBXVariantGroup;
			children = (
				16B9FBA72169FD3B00022291 /* Base */,
			);
			name = Main.storyboard;
			sourceTree = "<group>";
		};
		16B9FBAE2169FD3D00022291 /* LaunchScreen.storyboard */ = {
			isa = PBXVariantGroup;
			children = (
				16B9FBAF2169FD3D00022291 /* Base */,
			);
			name = LaunchScreen.storyboard;
			sourceTree = "<group>";
		};
/* End PBXVariantGroup section */

/* Begin XCBuildConfiguration section */
		16B9FBB22169FD3D00022291 /* Debug */ = {
			isa = XCBuildConfiguration;
			buildSettings = {
				ALWAYS_SEARCH_USER_PATHS = NO;
				CLANG_ANALYZER_NONNULL = YES;
				CLANG_ANALYZER_NUMBER_OBJECT_CONVERSION = YES_AGGRESSIVE;
				CLANG_CXX_LANGUAGE_STANDARD = "gnu++14";
				CLANG_CXX_LIBRARY = "libc++";
				CLANG_ENABLE_MODULES = YES;
				CLANG_ENABLE_OBJC_ARC = YES;
				CLANG_ENABLE_OBJC_WEAK = YES;
				CLANG_WARN_BLOCK_CAPTURE_AUTORELEASING = YES;
				CLANG_WARN_BOOL_CONVERSION = YES;
				CLANG_WARN_COMMA = YES;
				CLANG_WARN_CONSTANT_CONVERSION = YES;
				CLANG_WARN_DEPRECATED_OBJC_IMPLEMENTATIONS = YES;
				CLANG_WARN_DIRECT_OBJC_ISA_USAGE = YES_ERROR;
				CLANG_WARN_DOCUMENTATION_COMMENTS = YES;
				CLANG_WARN_EMPTY_BODY = YES;
				CLANG_WARN_ENUM_CONVERSION = YES;
				CLANG_WARN_INFINITE_RECURSION = YES;
				CLANG_WARN_INT_CONVERSION = YES;
				CLANG_WARN_NON_LITERAL_NULL_CONVERSION = YES;
				CLANG_WARN_OBJC_IMPLICIT_RETAIN_SELF = YES;
				CLANG_WARN_OBJC_LITERAL_CONVERSION = YES;
				CLANG_WARN_OBJC_ROOT_CLASS = YES_ERROR;
				CLANG_WARN_RANGE_LOOP_ANALYSIS = YES;
				CLANG_WARN_STRICT_PROTOTYPES = YES;
				CLANG_WARN_SUSPICIOUS_MOVE = YES;
				CLANG_WARN_UNGUARDED_AVAILABILITY = YES_AGGRESSIVE;
				CLANG_WARN_UNREACHABLE_CODE = YES;
				CLANG_WARN__DUPLICATE_METHOD_MATCH = YES;
				CODE_SIGN_IDENTITY = "iPhone Developer";
				COPY_PHASE_STRIP = NO;
				DEBUG_INFORMATION_FORMAT = dwarf;
				ENABLE_STRICT_OBJC_MSGSEND = YES;
				ENABLE_TESTABILITY = YES;
				GCC_C_LANGUAGE_STANDARD = gnu11;
				GCC_DYNAMIC_NO_PIC = NO;
				GCC_NO_COMMON_BLOCKS = YES;
				GCC_OPTIMIZATION_LEVEL = 0;
				GCC_PREPROCESSOR_DEFINITIONS = (
					"DEBUG=1",
					"$(inherited)",
				);
				GCC_WARN_64_TO_32_BIT_CONVERSION = YES;
				GCC_WARN_ABOUT_RETURN_TYPE = YES_ERROR;
				GCC_WARN_UNDECLARED_SELECTOR = YES;
				GCC_WARN_UNINITIALIZED_AUTOS = YES_AGGRESSIVE;
				GCC_WARN_UNUSED_FUNCTION = YES;
				GCC_WARN_UNUSED_VARIABLE = YES;
				IPHONEOS_DEPLOYMENT_TARGET = 12.0;
				MTL_ENABLE_DEBUG_INFO = INCLUDE_SOURCE;
				MTL_FAST_MATH = YES;
				ONLY_ACTIVE_ARCH = YES;
				SDKROOT = iphoneos;
				SWIFT_ACTIVE_COMPILATION_CONDITIONS = DEBUG;
				SWIFT_OPTIMIZATION_LEVEL = "-Onone";
			};
			name = Debug;
		};
		16B9FBB32169FD3D00022291 /* Release */ = {
			isa = XCBuildConfiguration;
			buildSettings = {
				ALWAYS_SEARCH_USER_PATHS = NO;
				CLANG_ANALYZER_NONNULL = YES;
				CLANG_ANALYZER_NUMBER_OBJECT_CONVERSION = YES_AGGRESSIVE;
				CLANG_CXX_LANGUAGE_STANDARD = "gnu++14";
				CLANG_CXX_LIBRARY = "libc++";
				CLANG_ENABLE_MODULES = YES;
				CLANG_ENABLE_OBJC_ARC = YES;
				CLANG_ENABLE_OBJC_WEAK = YES;
				CLANG_WARN_BLOCK_CAPTURE_AUTORELEASING = YES;
				CLANG_WARN_BOOL_CONVERSION = YES;
				CLANG_WARN_COMMA = YES;
				CLANG_WARN_CONSTANT_CONVERSION = YES;
				CLANG_WARN_DEPRECATED_OBJC_IMPLEMENTATIONS = YES;
				CLANG_WARN_DIRECT_OBJC_ISA_USAGE = YES_ERROR;
				CLANG_WARN_DOCUMENTATION_COMMENTS = YES;
				CLANG_WARN_EMPTY_BODY = YES;
				CLANG_WARN_ENUM_CONVERSION = YES;
				CLANG_WARN_INFINITE_RECURSION = YES;
				CLANG_WARN_INT_CONVERSION = YES;
				CLANG_WARN_NON_LITERAL_NULL_CONVERSION = YES;
				CLANG_WARN_OBJC_IMPLICIT_RETAIN_SELF = YES;
				CLANG_WARN_OBJC_LITERAL_CONVERSION = YES;
				CLANG_WARN_OBJC_ROOT_CLASS = YES_ERROR;
				CLANG_WARN_RANGE_LOOP_ANALYSIS = YES;
				CLANG_WARN_STRICT_PROTOTYPES = YES;
				CLANG_WARN_SUSPICIOUS_MOVE = YES;
				CLANG_WARN_UNGUARDED_AVAILABILITY = YES_AGGRESSIVE;
				CLANG_WARN_UNREACHABLE_CODE = YES;
				CLANG_WARN__DUPLICATE_METHOD_MATCH = YES;
				CODE_SIGN_IDENTITY = "iPhone Developer";
				COPY_PHASE_STRIP = NO;
				DEBUG_INFORMATION_FORMAT = "dwarf-with-dsym";
				ENABLE_NS_ASSERTIONS = NO;
				ENABLE_STRICT_OBJC_MSGSEND = YES;
				GCC_C_LANGUAGE_STANDARD = gnu11;
				GCC_NO_COMMON_BLOCKS = YES;
				GCC_WARN_64_TO_32_BIT_CONVERSION = YES;
				GCC_WARN_ABOUT_RETURN_TYPE = YES_ERROR;
				GCC_WARN_UNDECLARED_SELECTOR = YES;
				GCC_WARN_UNINITIALIZED_AUTOS = YES_AGGRESSIVE;
				GCC_WARN_UNUSED_FUNCTION = YES;
				GCC_WARN_UNUSED_VARIABLE = YES;
				IPHONEOS_DEPLOYMENT_TARGET = 12.0;
				MTL_ENABLE_DEBUG_INFO = NO;
				MTL_FAST_MATH = YES;
				SDKROOT = iphoneos;
				SWIFT_COMPILATION_MODE = wholemodule;
				SWIFT_OPTIMIZATION_LEVEL = "-O";
				VALIDATE_PRODUCT = YES;
			};
			name = Release;
		};
		16B9FBB52169FD3D00022291 /* Debug */ = {
			isa = XCBuildConfiguration;
			buildSettings = {
				ASSETCATALOG_COMPILER_APPICON_NAME = AppIcon;
				CODE_SIGN_STYLE = Automatic;
				DEVELOPMENT_TEAM = XN294VVZ35;
				INFOPLIST_FILE = Tut_CustomTableViewCell/Info.plist;
				LD_RUNPATH_SEARCH_PATHS = (
					"$(inherited)",
					"@executable_path/Frameworks",
				);
				PRODUCT_BUNDLE_IDENTIFIER = "com.erayalparslan.Tut-CustomTableViewCell";
				PRODUCT_NAME = "$(TARGET_NAME)";
				SWIFT_VERSION = 4.2;
				TARGETED_DEVICE_FAMILY = "1,2";
			};
			name = Debug;
		};
		16B9FBB62169FD3D00022291 /* Release */ = {
			isa = XCBuildConfiguration;
			buildSettings = {
				ASSETCATALOG_COMPILER_APPICON_NAME = AppIcon;
				CODE_SIGN_STYLE = Automatic;
				DEVELOPMENT_TEAM = XN294VVZ35;
				INFOPLIST_FILE = Tut_CustomTableViewCell/Info.plist;
				LD_RUNPATH_SEARCH_PATHS = (
					"$(inherited)",
					"@executable_path/Frameworks",
				);
				PRODUCT_BUNDLE_IDENTIFIER = "com.erayalparslan.Tut-CustomTableViewCell";
				PRODUCT_NAME = "$(TARGET_NAME)";
				SWIFT_VERSION = 4.2;
				TARGETED_DEVICE_FAMILY = "1,2";
			};
			name = Release;
		};
/* End XCBuildConfiguration section */

/* Begin XCConfigurationList section */
		16B9FB9A2169FD3A00022291 /* Build configuration list for PBXProject "Tut_CustomTableViewCell" */ = {
			isa = XCConfigurationList;
			buildConfigurations = (
				16B9FBB22169FD3D00022291 /* Debug */,
				16B9FBB32169FD3D00022291 /* Release */,
			);
			defaultConfigurationIsVisible = 0;
			defaultConfigurationName = Release;
		};
		16B9FBB42169FD3D00022291 /* Build configuration list for PBXNativeTarget "Tut_CustomTableViewCell" */ = {
			isa = XCConfigurationList;
			buildConfigurations = (
				16B9FBB52169FD3D00022291 /* Debug */,
				16B9FBB62169FD3D00022291 /* Release */,
			);
			defaultConfigurationIsVisible = 0;
			defaultConfigurationName = Release;
		};
/* End XCConfigurationList section */

/* Begin XCVersionGroup section */
		16B9FBA92169FD3B00022291 /* Tut_CustomTableViewCell.xcdatamodeld */ = {
			isa = XCVersionGroup;
			children = (
				16B9FBAA2169FD3B00022291 /* Tut_CustomTableViewCell.xcdatamodel */,
			);
			currentVersion = 16B9FBAA2169FD3B00022291 /* Tut_CustomTableViewCell.xcdatamodel */;
			path = Tut_CustomTableViewCell.xcdatamodeld;
			sourceTree = "<group>";
			versionGroupType = wrapper.xcdatamodel;
		};
/* End XCVersionGroup section */
	};
	rootObject = 16B9FB972169FD3A00022291 /* Project object */;
}
